
Microsoft Visual Studio Solution File, Format Version 12.00
# Visual Studio Version 16
VisualStudioVersion = 16.0.31005.135
MinimumVisualStudioVersion = 10.0.40219.1
Project("{FAE04EC0-301F-11D3-BF4B-00C04F79EFBC}") = "Grace_Dennis_Midterm_Exam", "Grace_Dennis_Midterm_Exam.csproj", "{EFB9F762-1940-4FBB-BE26-C13D0A3483E2}"
EndProject
Project("{FAE04EC0-301F-11D3-BF4B-00C04F79EFBC}") = "Task_1", "..\Task_1\Task_1.csproj", "{3A18ABF1-A2FC-412E-B923-E2945B97811F}"
EndProject
Project("{FAE04EC0-301F-11D3-BF4B-00C04F79EFBC}") = "2_Task", "..\2_Task\2_Task.csproj", "{FF5E28CE-ED7B-48CC-A46C-9EA9D4900A5D}"
EndProject
Global
	GlobalSection(SolutionConfigurationPlatforms) = preSolution
		Debug|Any CPU = Debug|Any CPU
		Release|Any CPU = Release|Any CPU
	EndGlobalSection
	GlobalSection(ProjectConfigurationPlatforms) = postSolution
		{EFB9F762-1940-4FBB-BE26-C13D0A3483E2}.Debug|Any CPU.ActiveCfg = Debug|Any CPU
		{EFB9F762-1940-4FBB-BE26-C13D0A3483E2}.Debug|Any CPU.Build.0 = Debug|Any CPU
		{EFB9F762-1940-4FBB-BE26-C13D0A3483E2}.Release|Any CPU.ActiveCfg = Release|Any CPU
		{EFB9F762-1940-4FBB-BE26-C13D0A3483E2}.Release|Any CPU.Build.0 = Release|Any CPU
		{3A18ABF1-A2FC-412E-B923-E2945B97811F}.Debug|Any CPU.ActiveCfg = Debug|Any CPU
		{3A18ABF1-A2FC-412E-B923-E2945B97811F}.Debug|Any CPU.Build.0 = Debug|Any CPU
		{3A18ABF1-A2FC-412E-B923-E2945B97811F}.Release|Any CPU.ActiveCfg = Release|Any CPU
		{3A18ABF1-A2FC-412E-B923-E2945B97811F}.Release|Any CPU.Build.0 = Release|Any CPU
		{FF5E28CE-ED7B-48CC-A46C-9EA9D4900A5D}.Debug|Any CPU.ActiveCfg = Debug|Any CPU
		{FF5E28CE-ED7B-48CC-A46C-9EA9D4900A5D}.Debug|Any CPU.Build.0 = Debug|Any CPU
		{FF5E28CE-ED7B-48CC-A46C-9EA9D4900A5D}.Release|Any CPU.ActiveCfg = Release|Any CPU
		{FF5E28CE-ED7B-48CC-A46C-9EA9D4900A5D}.Release|Any CPU.Build.0 = Release|Any CPU
	EndGlobalSection
	GlobalSection(SolutionProperties) = preSolution
		HideSolutionNode = FALSE
	EndGlobalSection
	GlobalSection(ExtensibilityGlobals) = postSolution
		SolutionGuid = {9374ADAD-721D-4798-8081-7251788F1FCA}
	EndGlobalSection
EndGlobal
